<?xml version="1.0" encoding="utf-8"?>
<Project ToolsVersion="4.0" xmlns="http://schemas.microsoft.com/developer/msbuild/2003">
  <ItemGroup>
    <ClCompile Include="RacerWeaponsHack\RacerWeaponsHack.cpp">
      <Filter>Cpp%27s</Filter>
    </ClCompile>
    <ClCompile Include="PoliceWeaponsHack\PoliceWeaponsHack.cpp">
      <Filter>Cpp%27s</Filter>
    </ClCompile>
    <ClCompile Include="InfiniteBoost\InfinteBoost.cpp">
      <Filter>Cpp%27s</Filter>
    </ClCompile>
    <ClCompile Include="GodMode\GodMode.cpp">
      <Filter>Cpp%27s</Filter>
    </ClCompile>
    <ClCompile Include="Source\Main.cpp">
      <Filter>Cpp%27s</Filter>
    </ClCompile>
  </ItemGroup>
  <ItemGroup>
    <ClInclude Include="GodMode\GodMode.h">
      <Filter>Header%27s</Filter>
    </ClInclude>
    <ClInclude Include="Source\Includes.h">
      <Filter>Header%27s</Filter>
    </ClInclude>
    <ClInclude Include="InfiniteBoost\InfiniteBoost.h">
      <Filter>Header%27s</Filter>
    </ClInclude>
    <ClInclude Include="PoliceWeaponsHack\PoliceWeaponsHack.h">
      <Filter>Header%27s</Filter>
    </ClInclude>
    <ClInclude Include="RacerWeaponsHack\RacerWeaponsHack.h">
      <Filter>Header%27s</Filter>
    </ClInclude>
  </ItemGroup>
  <ItemGroup>
    <None Include=".gitattributes">
      <Filter>GitHub</Filter>
    </None>
    <None Include=".gitignore">
      <Filter>GitHub</Filter>
    </None>
    <None Include="LICENSE">
      <Filter>GitHub</Filter>
    </None>
    <None Include="README.md">
      <Filter>GitHub</Filter>
    </None>
  </ItemGroup>
  <ItemGroup>
    <Filter Include="Cpp%27s">
      <UniqueIdentifier>{f7c1871b-a416-4b71-a88f-d14caaf74a8a}</UniqueIdentifier>
    </Filter>
    <Filter Include="Header%27s">
      <UniqueIdentifier>{a1d946b3-1a7e-4cee-962c-2362d7e2f566}</UniqueIdentifier>
    </Filter>
    <Filter Include="GitHub">
      <UniqueIdentifier>{42b0df71-cf09-489e-bc49-3cfc82cc8500}</UniqueIdentifier>
    </Filter>
  </ItemGroup>
</Project>