<?xml version="1.0" encoding="utf-8"?>
<Project ToolsVersion="4.0" xmlns="http://schemas.microsoft.com/developer/msbuild/2003">
  <ItemGroup>
    <ClCompile Include="RacerWeaponsHack\RacerWeaponsHack.cpp">
      <Filter>Arquivos de Origem</Filter>
    </ClCompile>
    <ClCompile Include="PoliceWeaponsHack\PoliceWeaponsHack.cpp">
      <Filter>Arquivos de Origem</Filter>
    </ClCompile>
    <ClCompile Include="Source\Main.cpp">
      <Filter>Arquivos de Origem</Filter>
    </ClCompile>
    <ClCompile Include="Infinite Boost\InfinteBoost.cpp">
      <Filter>Arquivos de Origem</Filter>
    </ClCompile>
  </ItemGroup>
  <ItemGroup>
    <ClInclude Include="Source\Includes.h">
      <Filter>Arquivos de Cabeçalho</Filter>
    </ClInclude>
    <ClInclude Include="Infinite Boost\InfiniteBoost.h">
      <Filter>Arquivos de Cabeçalho</Filter>
    </ClInclude>
    <ClInclude Include="PoliceWeaponsHack\PoliceWeaponsHack.h">
      <Filter>Arquivos de Cabeçalho</Filter>
    </ClInclude>
    <ClInclude Include="RacerWeaponsHack\RacerWeaponsHack.h">
      <Filter>Arquivos de Cabeçalho</Filter>
    </ClInclude>
  </ItemGroup>
  <ItemGroup>
    <Filter Include="Arquivos de Origem">
      <UniqueIdentifier>{bef0b06e-d0a6-462c-86a9-6e09b78ee450}</UniqueIdentifier>
    </Filter>
    <Filter Include="Arquivos de Cabeçalho">
      <UniqueIdentifier>{74a9a3c9-e8ea-4ed2-bcf3-688995035c49}</UniqueIdentifier>
    </Filter>
  </ItemGroup>
</Project>